
Microsoft Visual Studio Solution File, Format Version 12.00
# Visual Studio Version 17
VisualStudioVersion = 17.13.35806.99
MinimumVisualStudioVersion = 10.0.40219.1
Project("{FAE04EC0-301F-11D3-BF4B-00C04F79EFBC}") = "API_Testing", "API_Testing\API_Testing.csproj", "{362583D3-6593-4143-A940-473F8C4D60DB}"
EndProject
Project("{FAE04EC0-301F-11D3-BF4B-00C04F79EFBC}") = "SeleniumWithCsharp", "..\SeleniumWithCSharp\SeleniumWithCsharp.csproj", "{6A323390-C1F8-0D31-B34A-03E62FA1F39A}"
EndProject
Global
	GlobalSection(SolutionConfigurationPlatforms) = preSolution
		Debug|Any CPU = Debug|Any CPU
		Release|Any CPU = Release|Any CPU
	EndGlobalSection
	GlobalSection(ProjectConfigurationPlatforms) = postSolution
		{362583D3-6593-4143-A940-473F8C4D60DB}.Debug|Any CPU.ActiveCfg = Debug|Any CPU
		{362583D3-6593-4143-A940-473F8C4D60DB}.Debug|Any CPU.Build.0 = Debug|Any CPU
		{362583D3-6593-4143-A940-473F8C4D60DB}.Release|Any CPU.ActiveCfg = Release|Any CPU
		{362583D3-6593-4143-A940-473F8C4D60DB}.Release|Any CPU.Build.0 = Release|Any CPU
		{6A323390-C1F8-0D31-B34A-03E62FA1F39A}.Debug|Any CPU.ActiveCfg = Debug|Any CPU
		{6A323390-C1F8-0D31-B34A-03E62FA1F39A}.Debug|Any CPU.Build.0 = Debug|Any CPU
		{6A323390-C1F8-0D31-B34A-03E62FA1F39A}.Release|Any CPU.ActiveCfg = Release|Any CPU
		{6A323390-C1F8-0D31-B34A-03E62FA1F39A}.Release|Any CPU.Build.0 = Release|Any CPU
	EndGlobalSection
	GlobalSection(SolutionProperties) = preSolution
		HideSolutionNode = FALSE
	EndGlobalSection
	GlobalSection(ExtensibilityGlobals) = postSolution
		SolutionGuid = {708B2634-E231-46B0-8D19-D4D15A9F9403}
	EndGlobalSection
EndGlobal
